
Microsoft Visual Studio Solution File, Format Version 12.00
# Visual Studio Version 17
VisualStudioVersion = 17.11.35303.130
MinimumVisualStudioVersion = 10.0.40219.1
Project("{FAE04EC0-301F-11D3-BF4B-00C04F79EFBC}") = "OptimizeSearch", "OptimizeSearch\OptimizeSearch.csproj", "{F0AC105C-140F-408E-869F-A0FB7CAC4828}"
EndProject
Project("{FAE04EC0-301F-11D3-BF4B-00C04F79EFBC}") = "WpfApp1", "WpfApp1\WpfApp1.csproj", "{5F6A2089-7180-4B4F-9EEB-75212FB30599}"
EndProject
Global
	GlobalSection(SolutionConfigurationPlatforms) = preSolution
		Debug|Any CPU = Debug|Any CPU
		Release|Any CPU = Release|Any CPU
	EndGlobalSection
	GlobalSection(ProjectConfigurationPlatforms) = postSolution
		{F0AC105C-140F-408E-869F-A0FB7CAC4828}.Debug|Any CPU.ActiveCfg = Debug|Any CPU
		{F0AC105C-140F-408E-869F-A0FB7CAC4828}.Debug|Any CPU.Build.0 = Debug|Any CPU
		{F0AC105C-140F-408E-869F-A0FB7CAC4828}.Release|Any CPU.ActiveCfg = Release|Any CPU
		{F0AC105C-140F-408E-869F-A0FB7CAC4828}.Release|Any CPU.Build.0 = Release|Any CPU
		{5F6A2089-7180-4B4F-9EEB-75212FB30599}.Debug|Any CPU.ActiveCfg = Debug|Any CPU
		{5F6A2089-7180-4B4F-9EEB-75212FB30599}.Debug|Any CPU.Build.0 = Debug|Any CPU
		{5F6A2089-7180-4B4F-9EEB-75212FB30599}.Release|Any CPU.ActiveCfg = Release|Any CPU
		{5F6A2089-7180-4B4F-9EEB-75212FB30599}.Release|Any CPU.Build.0 = Release|Any CPU
	EndGlobalSection
	GlobalSection(SolutionProperties) = preSolution
		HideSolutionNode = FALSE
	EndGlobalSection
	GlobalSection(ExtensibilityGlobals) = postSolution
		SolutionGuid = {BF0792FB-8287-4477-8DB8-D425BB9FC396}
	EndGlobalSection
EndGlobal
